// !$*UTF8*$!
{
	archiveVersion = 1;
	classes = {
	};
	objectVersion = 48;
	objects = {

/* Begin PBXBuildFile section */
		D87CD944201FDFD5003C90A8 /* AppDelegate.swift in Sources */ = {isa = PBXBuildFile; fileRef = D87CD943201FDFD5003C90A8 /* AppDelegate.swift */; };
		D87CD946201FDFD5003C90A8 /* ViewController.swift in Sources */ = {isa = PBXBuildFile; fileRef = D87CD945201FDFD5003C90A8 /* ViewController.swift */; };
		D87CD949201FDFD5003C90A8 /* Main.storyboard in Resources */ = {isa = PBXBuildFile; fileRef = D87CD947201FDFD5003C90A8 /* Main.storyboard */; };
		D87CD94B201FDFD5003C90A8 /* Assets.xcassets in Resources */ = {isa = PBXBuildFile; fileRef = D87CD94A201FDFD5003C90A8 /* Assets.xcassets */; };
		D87CD94E201FDFD5003C90A8 /* LaunchScreen.storyboard in Resources */ = {isa = PBXBuildFile; fileRef = D87CD94C201FDFD5003C90A8 /* LaunchScreen.storyboard */; };
		D87CD959201FDFD5003C90A8 /* ParseChatTests.swift in Sources */ = {isa = PBXBuildFile; fileRef = D87CD958201FDFD5003C90A8 /* ParseChatTests.swift */; };
		D87CD964201FDFD5003C90A8 /* ParseChatUITests.swift in Sources */ = {isa = PBXBuildFile; fileRef = D87CD963201FDFD5003C90A8 /* ParseChatUITests.swift */; };
/* End PBXBuildFile section */

/* Begin PBXContainerItemProxy section */
		D87CD955201FDFD5003C90A8 /* PBXContainerItemProxy */ = {
			isa = PBXContainerItemProxy;
			containerPortal = D87CD938201FDFD5003C90A8 /* Project object */;
			proxyType = 1;
			remoteGlobalIDString = D87CD93F201FDFD5003C90A8;
			remoteInfo = ParseChat;
		};
		D87CD960201FDFD5003C90A8 /* PBXContainerItemProxy */ = {
			isa = PBXContainerItemProxy;
			containerPortal = D87CD938201FDFD5003C90A8 /* Project object */;
			proxyType = 1;
			remoteGlobalIDString = D87CD93F201FDFD5003C90A8;
			remoteInfo = ParseChat;
		};
/* End PBXContainerItemProxy section */

/* Begin PBXFileReference section */
		D87CD940201FDFD5003C90A8 /* ParseChat.app */ = {isa = PBXFileReference; explicitFileType = wrapper.application; includeInIndex = 0; path = ParseChat.app; sourceTree = BUILT_PRODUCTS_DIR; };
		D87CD943201FDFD5003C90A8 /* AppDelegate.swift */ = {isa = PBXFileReference; lastKnownFileType = sourcecode.swift; path = AppDelegate.swift; sourceTree = "<group>"; };
		D87CD945201FDFD5003C90A8 /* ViewController.swift */ = {isa = PBXFileReference; lastKnownFileType = sourcecode.swift; path = ViewController.swift; sourceTree = "<group>"; };
		D87CD948201FDFD5003C90A8 /* Base */ = {isa = PBXFileReference; lastKnownFileType = file.storyboard; name = Base; path = Base.lproj/Main.storyboard; sourceTree = "<group>"; };
		D87CD94A201FDFD5003C90A8 /* Assets.xcassets */ = {isa = PBXFileReference; lastKnownFileType = folder.assetcatalog; path = Assets.xcassets; sourceTree = "<group>"; };
		D87CD94D201FDFD5003C90A8 /* Base */ = {isa = PBXFileReference; lastKnownFileType = file.storyboard; name = Base; path = Base.lproj/LaunchScreen.storyboard; sourceTree = "<group>"; };
		D87CD94F201FDFD5003C90A8 /* Info.plist */ = {isa = PBXFileReference; lastKnownFileType = text.plist.xml; path = Info.plist; sourceTree = "<group>"; };
		D87CD954201FDFD5003C90A8 /* ParseChatTests.xctest */ = {isa = PBXFileReference; explicitFileType = wrapper.cfbundle; includeInIndex = 0; path = ParseChatTests.xctest; sourceTree = BUILT_PRODUCTS_DIR; };
		D87CD958201FDFD5003C90A8 /* ParseChatTests.swift */ = {isa = PBXFileReference; lastKnownFileType = sourcecode.swift; path = ParseChatTests.swift; sourceTree = "<group>"; };
		D87CD95A201FDFD5003C90A8 /* Info.plist */ = {isa = PBXFileReference; lastKnownFileType = text.plist.xml; path = Info.plist; sourceTree = "<group>"; };
		D87CD95F201FDFD5003C90A8 /* ParseChatUITests.xctest */ = {isa = PBXFileReference; explicitFileType = wrapper.cfbundle; includeInIndex = 0; path = ParseChatUITests.xctest; sourceTree = BUILT_PRODUCTS_DIR; };
		D87CD963201FDFD5003C90A8 /* ParseChatUITests.swift */ = {isa = PBXFileReference; lastKnownFileType = sourcecode.swift; path = ParseChatUITests.swift; sourceTree = "<group>"; };
		D87CD965201FDFD5003C90A8 /* Info.plist */ = {isa = PBXFileReference; lastKnownFileType = text.plist.xml; path = Info.plist; sourceTree = "<group>"; };
/* End PBXFileReference section */

/* Begin PBXFrameworksBuildPhase section */
		D87CD93D201FDFD5003C90A8 /* Frameworks */ = {
			isa = PBXFrameworksBuildPhase;
			buildActionMask = 2147483647;
			files = (
			);
			runOnlyForDeploymentPostprocessing = 0;
		};
		D87CD951201FDFD5003C90A8 /* Frameworks */ = {
			isa = PBXFrameworksBuildPhase;
			buildActionMask = 2147483647;
			files = (
			);
			runOnlyForDeploymentPostprocessing = 0;
		};
		D87CD95C201FDFD5003C90A8 /* Frameworks */ = {
			isa = PBXFrameworksBuildPhase;
			buildActionMask = 2147483647;
			files = (
			);
			runOnlyForDeploymentPostprocessing = 0;
		};
/* End PBXFrameworksBuildPhase section */

/* Begin PBXGroup section */
		D87CD937201FDFD5003C90A8 = {
			isa = PBXGroup;
			children = (
				D87CD942201FDFD5003C90A8 /* ParseChat */,
				D87CD957201FDFD5003C90A8 /* ParseChatTests */,
				D87CD962201FDFD5003C90A8 /* ParseChatUITests */,
				D87CD941201FDFD5003C90A8 /* Products */,
			);
			sourceTree = "<group>";
		};
		D87CD941201FDFD5003C90A8 /* Products */ = {
			isa = PBXGroup;
			children = (
				D87CD940201FDFD5003C90A8 /* ParseChat.app */,
				D87CD954201FDFD5003C90A8 /* ParseChatTests.xctest */,
				D87CD95F201FDFD5003C90A8 /* ParseChatUITests.xctest */,
			);
			name = Products;
			sourceTree = "<group>";
		};
		D87CD942201FDFD5003C90A8 /* ParseChat */ = {
			isa = PBXGroup;
			children = (
				D87CD943201FDFD5003C90A8 /* AppDelegate.swift */,
				D87CD945201FDFD5003C90A8 /* ViewController.swift */,
				D87CD947201FDFD5003C90A8 /* Main.storyboard */,
				D87CD94A201FDFD5003C90A8 /* Assets.xcassets */,
				D87CD94C201FDFD5003C90A8 /* LaunchScreen.storyboard */,
				D87CD94F201FDFD5003C90A8 /* Info.plist */,
			);
			path = ParseChat;
			sourceTree = "<group>";
		};
		D87CD957201FDFD5003C90A8 /* ParseChatTests */ = {
			isa = PBXGroup;
			children = (
				D87CD958201FDFD5003C90A8 /* ParseChatTests.swift */,
				D87CD95A201FDFD5003C90A8 /* Info.plist */,
			);
			path = ParseChatTests;
			sourceTree = "<group>";
		};
		D87CD962201FDFD5003C90A8 /* ParseChatUITests */ = {
			isa = PBXGroup;
			children = (
				D87CD963201FDFD5003C90A8 /* ParseChatUITests.swift */,
				D87CD965201FDFD5003C90A8 /* Info.plist */,
			);
			path = ParseChatUITests;
			sourceTree = "<group>";
		};
/* End PBXGroup section */

/* Begin PBXNativeTarget section */
		D87CD93F201FDFD5003C90A8 /* ParseChat */ = {
			isa = PBXNativeTarget;
			buildConfigurationList = D87CD968201FDFD5003C90A8 /* Build configuration list for PBXNativeTarget "ParseChat" */;
			buildPhases = (
				D87CD93C201FDFD5003C90A8 /* Sources */,
				D87CD93D201FDFD5003C90A8 /* Frameworks */,
				D87CD93E201FDFD5003C90A8 /* Resources */,
			);
			buildRules = (
			);
			dependencies = (
			);
			name = ParseChat;
			productName = ParseChat;
			productReference = D87CD940201FDFD5003C90A8 /* ParseChat.app */;
			productType = "com.apple.product-type.application";
		};
		D87CD953201FDFD5003C90A8 /* ParseChatTests */ = {
			isa = PBXNativeTarget;
			buildConfigurationList = D87CD96B201FDFD5003C90A8 /* Build configuration list for PBXNativeTarget "ParseChatTests" */;
			buildPhases = (
				D87CD950201FDFD5003C90A8 /* Sources */,
				D87CD951201FDFD5003C90A8 /* Frameworks */,
				D87CD952201FDFD5003C90A8 /* Resources */,
			);
			buildRules = (
			);
			dependencies = (
				D87CD956201FDFD5003C90A8 /* PBXTargetDependency */,
			);
			name = ParseChatTests;
			productName = ParseChatTests;
			productReference = D87CD954201FDFD5003C90A8 /* ParseChatTests.xctest */;
			productType = "com.apple.product-type.bundle.unit-test";
		};
		D87CD95E201FDFD5003C90A8 /* ParseChatUITests */ = {
			isa = PBXNativeTarget;
			buildConfigurationList = D87CD96E201FDFD5003C90A8 /* Build configuration list for PBXNativeTarget "ParseChatUITests" */;
			buildPhases = (
				D87CD95B201FDFD5003C90A8 /* Sources */,
				D87CD95C201FDFD5003C90A8 /* Frameworks */,
				D87CD95D201FDFD5003C90A8 /* Resources */,
			);
			buildRules = (
			);
			dependencies = (
				D87CD961201FDFD5003C90A8 /* PBXTargetDependency */,
			);
			name = ParseChatUITests;
			productName = ParseChatUITests;
			productReference = D87CD95F201FDFD5003C90A8 /* ParseChatUITests.xctest */;
			productType = "com.apple.product-type.bundle.ui-testing";
		};
/* End PBXNativeTarget section */

/* Begin PBXProject section */
		D87CD938201FDFD5003C90A8 /* Project object */ = {
			isa = PBXProject;
			attributes = {
				LastSwiftUpdateCheck = 0920;
				LastUpgradeCheck = 0920;
				ORGANIZATIONNAME = "Joseph Davey";
				TargetAttributes = {
					D87CD93F201FDFD5003C90A8 = {
						CreatedOnToolsVersion = 9.2;
						ProvisioningStyle = Automatic;
					};
					D87CD953201FDFD5003C90A8 = {
						CreatedOnToolsVersion = 9.2;
						ProvisioningStyle = Automatic;
						TestTargetID = D87CD93F201FDFD5003C90A8;
					};
					D87CD95E201FDFD5003C90A8 = {
						CreatedOnToolsVersion = 9.2;
						ProvisioningStyle = Automatic;
						TestTargetID = D87CD93F201FDFD5003C90A8;
					};
				};
			};
			buildConfigurationList = D87CD93B201FDFD5003C90A8 /* Build configuration list for PBXProject "ParseChat" */;
			compatibilityVersion = "Xcode 8.0";
			developmentRegion = en;
			hasScannedForEncodings = 0;
			knownRegions = (
				en,
				Base,
			);
			mainGroup = D87CD937201FDFD5003C90A8;
			productRefGroup = D87CD941201FDFD5003C90A8 /* Products */;
			projectDirPath = "";
			projectRoot = "";
			targets = (
				D87CD93F201FDFD5003C90A8 /* ParseChat */,
				D87CD953201FDFD5003C90A8 /* ParseChatTests */,
				D87CD95E201FDFD5003C90A8 /* ParseChatUITests */,
			);
		};
/* End PBXProject section */

/* Begin PBXResourcesBuildPhase section */
		D87CD93E201FDFD5003C90A8 /* Resources */ = {
			isa = PBXResourcesBuildPhase;
			buildActionMask = 2147483647;
			files = (
				D87CD94E201FDFD5003C90A8 /* LaunchScreen.storyboard in Resources */,
				D87CD94B201FDFD5003C90A8 /* Assets.xcassets in Resources */,
				D87CD949201FDFD5003C90A8 /* Main.storyboard in Resources */,
			);
			runOnlyForDeploymentPostprocessing = 0;
		};
		D87CD952201FDFD5003C90A8 /* Resources */ = {
			isa = PBXResourcesBuildPhase;
			buildActionMask = 2147483647;
			files = (
			);
			runOnlyForDeploymentPostprocessing = 0;
		};
		D87CD95D201FDFD5003C90A8 /* Resources */ = {
			isa = PBXResourcesBuildPhase;
			buildActionMask = 2147483647;
			files = (
			);
			runOnlyForDeploymentPostprocessing = 0;
		};
/* End PBXResourcesBuildPhase section */

/* Begin PBXSourcesBuildPhase section */
		D87CD93C201FDFD5003C90A8 /* Sources */ = {
			isa = PBXSourcesBuildPhase;
			buildActionMask = 2147483647;
			files = (
				D87CD946201FDFD5003C90A8 /* ViewController.swift in Sources */,
				D87CD944201FDFD5003C90A8 /* AppDelegate.swift in Sources */,
			);
			runOnlyForDeploymentPostprocessing = 0;
		};
		D87CD950201FDFD5003C90A8 /* Sources */ = {
			isa = PBXSourcesBuildPhase;
			buildActionMask = 2147483647;
			files = (
				D87CD959201FDFD5003C90A8 /* ParseChatTests.swift in Sources */,
			);
			runOnlyForDeploymentPostprocessing = 0;
		};
		D87CD95B201FDFD5003C90A8 /* Sources */ = {
			isa = PBXSourcesBuildPhase;
			buildActionMask = 2147483647;
			files = (
				D87CD964201FDFD5003C90A8 /* ParseChatUITests.swift in Sources */,
			);
			runOnlyForDeploymentPostprocessing = 0;
		};
/* End PBXSourcesBuildPhase section */

/* Begin PBXTargetDependency section */
		D87CD956201FDFD5003C90A8 /* PBXTargetDependency */ = {
			isa = PBXTargetDependency;
			target = D87CD93F201FDFD5003C90A8 /* ParseChat */;
			targetProxy = D87CD955201FDFD5003C90A8 /* PBXContainerItemProxy */;
		};
		D87CD961201FDFD5003C90A8 /* PBXTargetDependency */ = {
			isa = PBXTargetDependency;
			target = D87CD93F201FDFD5003C90A8 /* ParseChat */;
			targetProxy = D87CD960201FDFD5003C90A8 /* PBXContainerItemProxy */;
		};
/* End PBXTargetDependency section */

/* Begin PBXVariantGroup section */
		D87CD947201FDFD5003C90A8 /* Main.storyboard */ = {
			isa = PBXVariantGroup;
			children = (
				D87CD948201FDFD5003C90A8 /* Base */,
			);
			name = Main.storyboard;
			sourceTree = "<group>";
		};
		D87CD94C201FDFD5003C90A8 /* LaunchScreen.storyboard */ = {
			isa = PBXVariantGroup;
			children = (
				D87CD94D201FDFD5003C90A8 /* Base */,
			);
			name = LaunchScreen.storyboard;
			sourceTree = "<group>";
		};
/* End PBXVariantGroup section */

/* Begin XCBuildConfiguration section */
		D87CD966201FDFD5003C90A8 /* Debug */ = {
			isa = XCBuildConfiguration;
			buildSettings = {
				ALWAYS_SEARCH_USER_PATHS = NO;
				CLANG_ANALYZER_NONNULL = YES;
				CLANG_ANALYZER_NUMBER_OBJECT_CONVERSION = YES_AGGRESSIVE;
				CLANG_CXX_LANGUAGE_STANDARD = "gnu++14";
				CLANG_CXX_LIBRARY = "libc++";
				CLANG_ENABLE_MODULES = YES;
				CLANG_ENABLE_OBJC_ARC = YES;
				CLANG_WARN_BLOCK_CAPTURE_AUTORELEASING = YES;
				CLANG_WARN_BOOL_CONVERSION = YES;
				CLANG_WARN_COMMA = YES;
				CLANG_WARN_CONSTANT_CONVERSION = YES;
				CLANG_WARN_DIRECT_OBJC_ISA_USAGE = YES_ERROR;
				CLANG_WARN_DOCUMENTATION_COMMENTS = YES;
				CLANG_WARN_EMPTY_BODY = YES;
				CLANG_WARN_ENUM_CONVERSION = YES;
				CLANG_WARN_INFINITE_RECURSION = YES;
				CLANG_WARN_INT_CONVERSION = YES;
				CLANG_WARN_NON_LITERAL_NULL_CONVERSION = YES;
				CLANG_WARN_OBJC_LITERAL_CONVERSION = YES;
				CLANG_WARN_OBJC_ROOT_CLASS = YES_ERROR;
				CLANG_WARN_RANGE_LOOP_ANALYSIS = YES;
				CLANG_WARN_STRICT_PROTOTYPES = YES;
				CLANG_WARN_SUSPICIOUS_MOVE = YES;
				CLANG_WARN_UNGUARDED_AVAILABILITY = YES_AGGRESSIVE;
				CLANG_WARN_UNREACHABLE_CODE = YES;
				CLANG_WARN__DUPLICATE_METHOD_MATCH = YES;
				CODE_SIGN_IDENTITY = "iPhone Developer";
				COPY_PHASE_STRIP = NO;
				DEBUG_INFORMATION_FORMAT = dwarf;
				ENABLE_STRICT_OBJC_MSGSEND = YES;
				ENABLE_TESTABILITY = YES;
				GCC_C_LANGUAGE_STANDARD = gnu11;
				GCC_DYNAMIC_NO_PIC = NO;
				GCC_NO_COMMON_BLOCKS = YES;
				GCC_OPTIMIZATION_LEVEL = 0;
				GCC_PREPROCESSOR_DEFINITIONS = (
					"DEBUG=1",
					"$(inherited)",
				);
				GCC_WARN_64_TO_32_BIT_CONVERSION = YES;
				GCC_WARN_ABOUT_RETURN_TYPE = YES_ERROR;
				GCC_WARN_UNDECLARED_SELECTOR = YES;
				GCC_WARN_UNINITIALIZED_AUTOS = YES_AGGRESSIVE;
				GCC_WARN_UNUSED_FUNCTION = YES;
				GCC_WARN_UNUSED_VARIABLE = YES;
				IPHONEOS_DEPLOYMENT_TARGET = 11.2;
				MTL_ENABLE_DEBUG_INFO = YES;
				ONLY_ACTIVE_ARCH = YES;
				SDKROOT = iphoneos;
				SWIFT_ACTIVE_COMPILATION_CONDITIONS = DEBUG;
				SWIFT_OPTIMIZATION_LEVEL = "-Onone";
			};
			name = Debug;
		};
		D87CD967201FDFD5003C90A8 /* Release */ = {
			isa = XCBuildConfiguration;
			buildSettings = {
				ALWAYS_SEARCH_USER_PATHS = NO;
				CLANG_ANALYZER_NONNULL = YES;
				CLANG_ANALYZER_NUMBER_OBJECT_CONVERSION = YES_AGGRESSIVE;
				CLANG_CXX_LANGUAGE_STANDARD = "gnu++14";
				CLANG_CXX_LIBRARY = "libc++";
				CLANG_ENABLE_MODULES = YES;
				CLANG_ENABLE_OBJC_ARC = YES;
				CLANG_WARN_BLOCK_CAPTURE_AUTORELEASING = YES;
				CLANG_WARN_BOOL_CONVERSION = YES;
				CLANG_WARN_COMMA = YES;
				CLANG_WARN_CONSTANT_CONVERSION = YES;
				CLANG_WARN_DIRECT_OBJC_ISA_USAGE = YES_ERROR;
				CLANG_WARN_DOCUMENTATION_COMMENTS = YES;
				CLANG_WARN_EMPTY_BODY = YES;
				CLANG_WARN_ENUM_CONVERSION = YES;
				CLANG_WARN_INFINITE_RECURSION = YES;
				CLANG_WARN_INT_CONVERSION = YES;
				CLANG_WARN_NON_LITERAL_NULL_CONVERSION = YES;
				CLANG_WARN_OBJC_LITERAL_CONVERSION = YES;
				CLANG_WARN_OBJC_ROOT_CLASS = YES_ERROR;
				CLANG_WARN_RANGE_LOOP_ANALYSIS = YES;
				CLANG_WARN_STRICT_PROTOTYPES = YES;
				CLANG_WARN_SUSPICIOUS_MOVE = YES;
				CLANG_WARN_UNGUARDED_AVAILABILITY = YES_AGGRESSIVE;
				CLANG_WARN_UNREACHABLE_CODE = YES;
				CLANG_WARN__DUPLICATE_METHOD_MATCH = YES;
				CODE_SIGN_IDENTITY = "iPhone Developer";
				COPY_PHASE_STRIP = NO;
				DEBUG_INFORMATION_FORMAT = "dwarf-with-dsym";
				ENABLE_NS_ASSERTIONS = NO;
				ENABLE_STRICT_OBJC_MSGSEND = YES;
				GCC_C_LANGUAGE_STANDARD = gnu11;
				GCC_NO_COMMON_BLOCKS = YES;
				GCC_WARN_64_TO_32_BIT_CONVERSION = YES;
				GCC_WARN_ABOUT_RETURN_TYPE = YES_ERROR;
				GCC_WARN_UNDECLARED_SELECTOR = YES;
				GCC_WARN_UNINITIALIZED_AUTOS = YES_AGGRESSIVE;
				GCC_WARN_UNUSED_FUNCTION = YES;
				GCC_WARN_UNUSED_VARIABLE = YES;
				IPHONEOS_DEPLOYMENT_TARGET = 11.2;
				MTL_ENABLE_DEBUG_INFO = NO;
				SDKROOT = iphoneos;
				SWIFT_OPTIMIZATION_LEVEL = "-Owholemodule";
				VALIDATE_PRODUCT = YES;
			};
			name = Release;
		};
		D87CD969201FDFD5003C90A8 /* Debug */ = {
			isa = XCBuildConfiguration;
			buildSettings = {
				ASSETCATALOG_COMPILER_APPICON_NAME = AppIcon;
				CODE_SIGN_STYLE = Automatic;
				INFOPLIST_FILE = ParseChat/Info.plist;
				LD_RUNPATH_SEARCH_PATHS = "$(inherited) @executable_path/Frameworks";
				PRODUCT_BUNDLE_IDENTIFIER = Joe.ParseChat;
				PRODUCT_NAME = "$(TARGET_NAME)";
				SWIFT_VERSION = 4.0;
				TARGETED_DEVICE_FAMILY = "1,2";
			};
			name = Debug;
		};
		D87CD96A201FDFD5003C90A8 /* Release */ = {
			isa = XCBuildConfiguration;
			buildSettings = {
				ASSETCATALOG_COMPILER_APPICON_NAME = AppIcon;
				CODE_SIGN_STYLE = Automatic;
				INFOPLIST_FILE = ParseChat/Info.plist;
				LD_RUNPATH_SEARCH_PATHS = "$(inherited) @executable_path/Frameworks";
				PRODUCT_BUNDLE_IDENTIFIER = Joe.ParseChat;
				PRODUCT_NAME = "$(TARGET_NAME)";
				SWIFT_VERSION = 4.0;
				TARGETED_DEVICE_FAMILY = "1,2";
			};
			name = Release;
		};
		D87CD96C201FDFD5003C90A8 /* Debug */ = {
			isa = XCBuildConfiguration;
			buildSettings = {
				ALWAYS_EMBED_SWIFT_STANDARD_LIBRARIES = YES;
				BUNDLE_LOADER = "$(TEST_HOST)";
				CODE_SIGN_STYLE = Automatic;
				INFOPLIST_FILE = ParseChatTests/Info.plist;
				LD_RUNPATH_SEARCH_PATHS = "$(inherited) @executable_path/Frameworks @loader_path/Frameworks";
				PRODUCT_BUNDLE_IDENTIFIER = Joe.ParseChatTests;
				PRODUCT_NAME = "$(TARGET_NAME)";
				SWIFT_VERSION = 4.0;
				TARGETED_DEVICE_FAMILY = "1,2";
				TEST_HOST = "$(BUILT_PRODUCTS_DIR)/ParseChat.app/ParseChat";
			};
			name = Debug;
		};
		D87CD96D201FDFD5003C90A8 /* Release */ = {
			isa = XCBuildConfiguration;
			buildSettings = {
				ALWAYS_EMBED_SWIFT_STANDARD_LIBRARIES = YES;
				BUNDLE_LOADER = "$(TEST_HOST)";
				CODE_SIGN_STYLE = Automatic;
				INFOPLIST_FILE = ParseChatTests/Info.plist;
				LD_RUNPATH_SEARCH_PATHS = "$(inherited) @executable_path/Frameworks @loader_path/Frameworks";
				PRODUCT_BUNDLE_IDENTIFIER = Joe.ParseChatTests;
				PRODUCT_NAME = "$(TARGET_NAME)";
				SWIFT_VERSION = 4.0;
				TARGETED_DEVICE_FAMILY = "1,2";
				TEST_HOST = "$(BUILT_PRODUCTS_DIR)/ParseChat.app/ParseChat";
			};
			name = Release;
		};
		D87CD96F201FDFD5003C90A8 /* Debug */ = {
			isa = XCBuildConfiguration;
			buildSettings = {
				ALWAYS_EMBED_SWIFT_STANDARD_LIBRARIES = YES;
				CODE_SIGN_STYLE = Automatic;
				INFOPLIST_FILE = ParseChatUITests/Info.plist;
				LD_RUNPATH_SEARCH_PATHS = "$(inherited) @executable_path/Frameworks @loader_path/Frameworks";
				PRODUCT_BUNDLE_IDENTIFIER = Joe.ParseChatUITests;
				PRODUCT_NAME = "$(TARGET_NAME)";
				SWIFT_VERSION = 4.0;
				TARGETED_DEVICE_FAMILY = "1,2";
				TEST_TARGET_NAME = ParseChat;
			};
			name = Debug;
		};
		D87CD970201FDFD5003C90A8 /* Release */ = {
			isa = XCBuildConfiguration;
			buildSettings = {
				ALWAYS_EMBED_SWIFT_STANDARD_LIBRARIES = YES;
				CODE_SIGN_STYLE = Automatic;
				INFOPLIST_FILE = ParseChatUITests/Info.plist;
				LD_RUNPATH_SEARCH_PATHS = "$(inherited) @executable_path/Frameworks @loader_path/Frameworks";
				PRODUCT_BUNDLE_IDENTIFIER = Joe.ParseChatUITests;
				PRODUCT_NAME = "$(TARGET_NAME)";
				SWIFT_VERSION = 4.0;
				TARGETED_DEVICE_FAMILY = "1,2";
				TEST_TARGET_NAME = ParseChat;
			};
			name = Release;
		};
/* End XCBuildConfiguration section */

/* Begin XCConfigurationList section */
		D87CD93B201FDFD5003C90A8 /* Build configuration list for PBXProject "ParseChat" */ = {
			isa = XCConfigurationList;
			buildConfigurations = (
				D87CD966201FDFD5003C90A8 /* Debug */,
				D87CD967201FDFD5003C90A8 /* Release */,
			);
			defaultConfigurationIsVisible = 0;
			defaultConfigurationName = Release;
		};
		D87CD968201FDFD5003C90A8 /* Build configuration list for PBXNativeTarget "ParseChat" */ = {
			isa = XCConfigurationList;
			buildConfigurations = (
				D87CD969201FDFD5003C90A8 /* Debug */,
				D87CD96A201FDFD5003C90A8 /* Release */,
			);
			defaultConfigurationIsVisible = 0;
			defaultConfigurationName = Release;
		};
		D87CD96B201FDFD5003C90A8 /* Build configuration list for PBXNativeTarget "ParseChatTests" */ = {
			isa = XCConfigurationList;
			buildConfigurations = (
				D87CD96C201FDFD5003C90A8 /* Debug */,
				D87CD96D201FDFD5003C90A8 /* Release */,
			);
			defaultConfigurationIsVisible = 0;
			defaultConfigurationName = Release;
		};
		D87CD96E201FDFD5003C90A8 /* Build configuration list for PBXNativeTarget "ParseChatUITests" */ = {
			isa = XCConfigurationList;
			buildConfigurations = (
				D87CD96F201FDFD5003C90A8 /* Debug */,
				D87CD970201FDFD5003C90A8 /* Release */,
			);
			defaultConfigurationIsVisible = 0;
			defaultConfigurationName = Release;
		};
/* End XCConfigurationList section */
	};
	rootObject = D87CD938201FDFD5003C90A8 /* Project object */;
}
